
Microsoft Visual Studio Solution File, Format Version 12.00
# Visual Studio Version 17
VisualStudioVersion = 17.2.32408.312
MinimumVisualStudioVersion = 10.0.40219.1
Project("{9A19103F-16F7-4668-BE54-9A1E7A4F7556}") = "Xunkong.ApiClient", "Xunkong.ApiClient\Xunkong.ApiClient.csproj", "{EA3F0FB9-DD6C-4076-A898-00DA5748D43E}"
EndProject
Project("{9A19103F-16F7-4668-BE54-9A1E7A4F7556}") = "Xunkong.ApiServer", "Xunkong.ApiServer\Xunkong.ApiServer.csproj", "{72C109B6-FBF4-4EAC-B831-9DEC111978A9}"
EndProject
Project("{FAE04EC0-301F-11D3-BF4B-00C04F79EFBC}") = "Xunkong.ApiClient.TestAOT", "Xunkong.ApiClient.TestAOT\Xunkong.ApiClient.TestAOT.csproj", "{B1BB5CCD-B581-4A7A-80D6-EED7BF47AA49}"
EndProject
Global
	GlobalSection(SolutionConfigurationPlatforms) = preSolution
		Debug|Any CPU = Debug|Any CPU
		Release|Any CPU = Release|Any CPU
	EndGlobalSection
	GlobalSection(ProjectConfigurationPlatforms) = postSolution
		{EA3F0FB9-DD6C-4076-A898-00DA5748D43E}.Debug|Any CPU.ActiveCfg = Debug|Any CPU
		{EA3F0FB9-DD6C-4076-A898-00DA5748D43E}.Debug|Any CPU.Build.0 = Debug|Any CPU
		{EA3F0FB9-DD6C-4076-A898-00DA5748D43E}.Release|Any CPU.ActiveCfg = Release|Any CPU
		{EA3F0FB9-DD6C-4076-A898-00DA5748D43E}.Release|Any CPU.Build.0 = Release|Any CPU
		{72C109B6-FBF4-4EAC-B831-9DEC111978A9}.Debug|Any CPU.ActiveCfg = Debug|Any CPU
		{72C109B6-FBF4-4EAC-B831-9DEC111978A9}.Debug|Any CPU.Build.0 = Debug|Any CPU
		{72C109B6-FBF4-4EAC-B831-9DEC111978A9}.Release|Any CPU.ActiveCfg = Release|Any CPU
		{72C109B6-FBF4-4EAC-B831-9DEC111978A9}.Release|Any CPU.Build.0 = Release|Any CPU
		{B1BB5CCD-B581-4A7A-80D6-EED7BF47AA49}.Debug|Any CPU.ActiveCfg = Debug|Any CPU
		{B1BB5CCD-B581-4A7A-80D6-EED7BF47AA49}.Debug|Any CPU.Build.0 = Debug|Any CPU
		{B1BB5CCD-B581-4A7A-80D6-EED7BF47AA49}.Release|Any CPU.ActiveCfg = Release|Any CPU
		{B1BB5CCD-B581-4A7A-80D6-EED7BF47AA49}.Release|Any CPU.Build.0 = Release|Any CPU
	EndGlobalSection
	GlobalSection(SolutionProperties) = preSolution
		HideSolutionNode = FALSE
	EndGlobalSection
	GlobalSection(ExtensibilityGlobals) = postSolution
		SolutionGuid = {F9CCEB2F-509F-4971-A682-34768114397E}
	EndGlobalSection
EndGlobal
